{
    "requires": true,
    "lockfileVersion": 1,
    "dependencies": {
        "emojione": {
            "version": "4.5.0",
            "resolved": "https://registry.npmjs.org/emojione/-/emojione-4.5.0.tgz",
            "integrity": "sha512-Tq55Y3UgPOnayFDN+Qd6QMP0rpoH10a1nhSFN27s8gXW3qymgFIHiXys2ECYYAI134BafmI3qP9ni2rZOe9BjA=="
        },
        "emojionearea": {
            "version": "3.4.2",
            "resolved": "https://registry.npmjs.org/emojionearea/-/emojionearea-3.4.2.tgz",
            "integrity": "sha512-u0i5hD/VqIE2PgmreT6Q2uKQkf9p8jbp2em23xB9llxHnsPxyu1RzzUwbZ/rLGfHpxvhUwYjGa9EYsuN3J+jLQ==",
            "requires": {
                "emojione": ">=2.0.1",
                "jquery": ">=1.8.3",
                "jquery-textcomplete": ">=1.3.4"
            }
        },
        "jquery": {
            "version": "3.5.1",
            "resolved": "https://registry.npmjs.org/jquery/-/jquery-3.5.1.tgz",
            "integrity": "sha512-XwIBPqcMn57FxfT+Go5pzySnm4KWkT1Tv7gjrpT1srtf8Weynl6R273VJ5GjkRb51IzMp5nbaPjJXMWeju2MKg=="
        },
        "jquery-textcomplete": {
            "version": "1.8.5",
            "resolved": "https://registry.npmjs.org/jquery-textcomplete/-/jquery-textcomplete-1.8.5.tgz",
            "integrity": "sha512-WctSUxFk7GF5Tx2gHeVKrpkQ9tsV7mibBJ0AYNwEx+Zx3ZoUQgU5grkBXY3SCqpq/owMAMEvksN96DBSWT4PSg=="
        }
    }
}
